{
  "name": "kit-docs",
  "lockfileVersion": 2,
  "requires": true,
  "packages": {
    "": {
      "dependencies": {
        "@johnlindquist/kit": "file:../.kit"
      }
    },
    "../.kit": {},
    "node_modules/@johnlindquist/kit": {
      "resolved": "../.kit",
      "link": true
    }
  },
  "dependencies": {
    "@johnlindquist/kit": {
      "version": "file:../.kit"
    }
  }
}
